// !$*UTF8*$!
{
	archiveVersion = 1;
	classes = {
	};
	objectVersion = 51;
	objects = {

/* Begin PBXBuildFile section */
		5AC496F923FBA4B500A0F0AA /* AppDelegate.swift in Sources */ = {isa = PBXBuildFile; fileRef = 5AC496F823FBA4B500A0F0AA /* AppDelegate.swift */; };
		5AC496FB23FBA4B500A0F0AA /* ViewController.swift in Sources */ = {isa = PBXBuildFile; fileRef = 5AC496FA23FBA4B500A0F0AA /* ViewController.swift */; };
		5AC496FE23FBA4B500A0F0AA /* Main.storyboard in Resources */ = {isa = PBXBuildFile; fileRef = 5AC496FC23FBA4B500A0F0AA /* Main.storyboard */; };
		5AC4970123FBA4B500A0F0AA /* Web_Socket_Currents.xcdatamodeld in Sources */ = {isa = PBXBuildFile; fileRef = 5AC496FF23FBA4B500A0F0AA /* Web_Socket_Currents.xcdatamodeld */; };
		5AC4970323FBA4B900A0F0AA /* Assets.xcassets in Resources */ = {isa = PBXBuildFile; fileRef = 5AC4970223FBA4B900A0F0AA /* Assets.xcassets */; };
		5AC4970623FBA4BA00A0F0AA /* LaunchScreen.storyboard in Resources */ = {isa = PBXBuildFile; fileRef = 5AC4970423FBA4BA00A0F0AA /* LaunchScreen.storyboard */; };
		5AC4971423FBEE6D00A0F0AA /* CoreDataManager.swift in Sources */ = {isa = PBXBuildFile; fileRef = 5AC4971323FBEE6D00A0F0AA /* CoreDataManager.swift */; };
		5AC4971823FE42F300A0F0AA /* TableViewController.swift in Sources */ = {isa = PBXBuildFile; fileRef = 5AC4971723FE42F300A0F0AA /* TableViewController.swift */; };
		5AC4971E23FFE32600A0F0AA /* NetworkService.swift in Sources */ = {isa = PBXBuildFile; fileRef = 5AC4971D23FFE32600A0F0AA /* NetworkService.swift */; };
		5AC4972023FFF57A00A0F0AA /* CurrentsStruct.swift in Sources */ = {isa = PBXBuildFile; fileRef = 5AC4971F23FFF57A00A0F0AA /* CurrentsStruct.swift */; };
		5AC4972423FFF73500A0F0AA /* JsonRequest.swift in Sources */ = {isa = PBXBuildFile; fileRef = 5AC4972323FFF73500A0F0AA /* JsonRequest.swift */; };
		7FC7BA45568509040A138B11 /* Pods_Web_Socket_Currents.framework in Frameworks */ = {isa = PBXBuildFile; fileRef = 743D577D5C25472E26587DAF /* Pods_Web_Socket_Currents.framework */; };
/* End PBXBuildFile section */

/* Begin PBXFileReference section */
		4509FE1C2F65F228527C838C /* Pods-Web_Socket_Currents.debug.xcconfig */ = {isa = PBXFileReference; includeInIndex = 1; lastKnownFileType = text.xcconfig; name = "Pods-Web_Socket_Currents.debug.xcconfig"; path = "Target Support Files/Pods-Web_Socket_Currents/Pods-Web_Socket_Currents.debug.xcconfig"; sourceTree = "<group>"; };
		5AC496F523FBA4B500A0F0AA /* Web_Socket_Currents.app */ = {isa = PBXFileReference; explicitFileType = wrapper.application; includeInIndex = 0; path = Web_Socket_Currents.app; sourceTree = BUILT_PRODUCTS_DIR; };
		5AC496F823FBA4B500A0F0AA /* AppDelegate.swift */ = {isa = PBXFileReference; lastKnownFileType = sourcecode.swift; path = AppDelegate.swift; sourceTree = "<group>"; };
		5AC496FA23FBA4B500A0F0AA /* ViewController.swift */ = {isa = PBXFileReference; lastKnownFileType = sourcecode.swift; path = ViewController.swift; sourceTree = "<group>"; };
		5AC496FD23FBA4B500A0F0AA /* Base */ = {isa = PBXFileReference; lastKnownFileType = file.storyboard; name = Base; path = Base.lproj/Main.storyboard; sourceTree = "<group>"; };
		5AC4970023FBA4B500A0F0AA /* Web_Socket_Currents.xcdatamodel */ = {isa = PBXFileReference; lastKnownFileType = wrapper.xcdatamodel; path = Web_Socket_Currents.xcdatamodel; sourceTree = "<group>"; };
		5AC4970223FBA4B900A0F0AA /* Assets.xcassets */ = {isa = PBXFileReference; lastKnownFileType = folder.assetcatalog; path = Assets.xcassets; sourceTree = "<group>"; };
		5AC4970523FBA4BA00A0F0AA /* Base */ = {isa = PBXFileReference; lastKnownFileType = file.storyboard; name = Base; path = Base.lproj/LaunchScreen.storyboard; sourceTree = "<group>"; };
		5AC4970723FBA4BA00A0F0AA /* Info.plist */ = {isa = PBXFileReference; lastKnownFileType = text.plist.xml; path = Info.plist; sourceTree = "<group>"; };
		5AC4971323FBEE6D00A0F0AA /* CoreDataManager.swift */ = {isa = PBXFileReference; lastKnownFileType = sourcecode.swift; path = CoreDataManager.swift; sourceTree = "<group>"; };
		5AC4971723FE42F300A0F0AA /* TableViewController.swift */ = {isa = PBXFileReference; lastKnownFileType = sourcecode.swift; path = TableViewController.swift; sourceTree = "<group>"; };
		5AC4971D23FFE32600A0F0AA /* NetworkService.swift */ = {isa = PBXFileReference; lastKnownFileType = sourcecode.swift; path = NetworkService.swift; sourceTree = "<group>"; };
		5AC4971F23FFF57A00A0F0AA /* CurrentsStruct.swift */ = {isa = PBXFileReference; lastKnownFileType = sourcecode.swift; path = CurrentsStruct.swift; sourceTree = "<group>"; };
		5AC4972323FFF73500A0F0AA /* JsonRequest.swift */ = {isa = PBXFileReference; lastKnownFileType = sourcecode.swift; path = JsonRequest.swift; sourceTree = "<group>"; };
		743D577D5C25472E26587DAF /* Pods_Web_Socket_Currents.framework */ = {isa = PBXFileReference; explicitFileType = wrapper.framework; includeInIndex = 0; path = Pods_Web_Socket_Currents.framework; sourceTree = BUILT_PRODUCTS_DIR; };
		AD7339995DBA1394A84140B5 /* Pods-Web_Socket_Currents.release.xcconfig */ = {isa = PBXFileReference; includeInIndex = 1; lastKnownFileType = text.xcconfig; name = "Pods-Web_Socket_Currents.release.xcconfig"; path = "Target Support Files/Pods-Web_Socket_Currents/Pods-Web_Socket_Currents.release.xcconfig"; sourceTree = "<group>"; };
/* End PBXFileReference section */

/* Begin PBXFrameworksBuildPhase section */
		5AC496F223FBA4B500A0F0AA /* Frameworks */ = {
			isa = PBXFrameworksBuildPhase;
			buildActionMask = 2147483647;
			files = (
				7FC7BA45568509040A138B11 /* Pods_Web_Socket_Currents.framework in Frameworks */,
			);
			runOnlyForDeploymentPostprocessing = 0;
		};
/* End PBXFrameworksBuildPhase section */

/* Begin PBXGroup section */
		2D26FD500DD381C24F661EB6 /* Pods */ = {
			isa = PBXGroup;
			children = (
				4509FE1C2F65F228527C838C /* Pods-Web_Socket_Currents.debug.xcconfig */,
				AD7339995DBA1394A84140B5 /* Pods-Web_Socket_Currents.release.xcconfig */,
			);
			path = Pods;
			sourceTree = "<group>";
		};
		5AC496EC23FBA4B500A0F0AA = {
			isa = PBXGroup;
			children = (
				5AC496F723FBA4B500A0F0AA /* Web_Socket_Currents */,
				5AC496F623FBA4B500A0F0AA /* Products */,
				2D26FD500DD381C24F661EB6 /* Pods */,
				DAA8D687F87A0D6A4C930C47 /* Frameworks */,
			);
			sourceTree = "<group>";
		};
		5AC496F623FBA4B500A0F0AA /* Products */ = {
			isa = PBXGroup;
			children = (
				5AC496F523FBA4B500A0F0AA /* Web_Socket_Currents.app */,
			);
			name = Products;
			sourceTree = "<group>";
		};
		5AC496F723FBA4B500A0F0AA /* Web_Socket_Currents */ = {
			isa = PBXGroup;
			children = (
				5AC4971923FFE1DA00A0F0AA /* Application */,
				5AC4972223FFF6C000A0F0AA /* Main */,
				5AC4970223FBA4B900A0F0AA /* Assets.xcassets */,
				5AC4970723FBA4BA00A0F0AA /* Info.plist */,
				5AC496FF23FBA4B500A0F0AA /* Web_Socket_Currents.xcdatamodeld */,
			);
			path = Web_Socket_Currents;
			sourceTree = "<group>";
		};
		5AC4970D23FBA78200A0F0AA /* Controllers */ = {
			isa = PBXGroup;
			children = (
				5AC496FA23FBA4B500A0F0AA /* ViewController.swift */,
				5AC4971723FE42F300A0F0AA /* TableViewController.swift */,
			);
			path = Controllers;
			sourceTree = "<group>";
		};
		5AC4970E23FBA79B00A0F0AA /* Models */ = {
			isa = PBXGroup;
			children = (
				5AC4971F23FFF57A00A0F0AA /* CurrentsStruct.swift */,
				5AC4972323FFF73500A0F0AA /* JsonRequest.swift */,
			);
			path = Models;
			sourceTree = "<group>";
		};
		5AC4970F23FBABD600A0F0AA /* Networking */ = {
			isa = PBXGroup;
			children = (
				5AC4971D23FFE32600A0F0AA /* NetworkService.swift */,
			);
			path = Networking;
			sourceTree = "<group>";
		};
		5AC4971223FBED3700A0F0AA /* CoreDataManager */ = {
			isa = PBXGroup;
			children = (
				5AC4971323FBEE6D00A0F0AA /* CoreDataManager.swift */,
			);
			path = CoreDataManager;
			sourceTree = "<group>";
		};
		5AC4971923FFE1DA00A0F0AA /* Application */ = {
			isa = PBXGroup;
			children = (
				5AC4971C23FFE22F00A0F0AA /* Model */,
				5AC4971B23FFE22100A0F0AA /* View */,
				5AC4971A23FFE1EC00A0F0AA /* Controller */,
				5AC4970F23FBABD600A0F0AA /* Networking */,
				5AC4971223FBED3700A0F0AA /* CoreDataManager */,
			);
			path = Application;
			sourceTree = "<group>";
		};
		5AC4971A23FFE1EC00A0F0AA /* Controller */ = {
			isa = PBXGroup;
			children = (
				5AC496F823FBA4B500A0F0AA /* AppDelegate.swift */,
			);
			path = Controller;
			sourceTree = "<group>";
		};
		5AC4971B23FFE22100A0F0AA /* View */ = {
			isa = PBXGroup;
			children = (
				5AC4970423FBA4BA00A0F0AA /* LaunchScreen.storyboard */,
			);
			path = View;
			sourceTree = "<group>";
		};
		5AC4971C23FFE22F00A0F0AA /* Model */ = {
			isa = PBXGroup;
			children = (
			);
			path = Model;
			sourceTree = "<group>";
		};
		5AC4972123FFF6A100A0F0AA /* View */ = {
			isa = PBXGroup;
			children = (
				5AC496FC23FBA4B500A0F0AA /* Main.storyboard */,
			);
			path = View;
			sourceTree = "<group>";
		};
		5AC4972223FFF6C000A0F0AA /* Main */ = {
			isa = PBXGroup;
			children = (
				5AC4970E23FBA79B00A0F0AA /* Models */,
				5AC4972123FFF6A100A0F0AA /* View */,
				5AC4970D23FBA78200A0F0AA /* Controllers */,
			);
			path = Main;
			sourceTree = "<group>";
		};
		DAA8D687F87A0D6A4C930C47 /* Frameworks */ = {
			isa = PBXGroup;
			children = (
				743D577D5C25472E26587DAF /* Pods_Web_Socket_Currents.framework */,
			);
			name = Frameworks;
			sourceTree = "<group>";
		};
/* End PBXGroup section */

/* Begin PBXNativeTarget section */
		5AC496F423FBA4B500A0F0AA /* Web_Socket_Currents */ = {
			isa = PBXNativeTarget;
			buildConfigurationList = 5AC4970A23FBA4BA00A0F0AA /* Build configuration list for PBXNativeTarget "Web_Socket_Currents" */;
			buildPhases = (
				582EA01E4A875691EFC9F9FC /* [CP] Check Pods Manifest.lock */,
				5AC496F123FBA4B500A0F0AA /* Sources */,
				5AC496F223FBA4B500A0F0AA /* Frameworks */,
				5AC496F323FBA4B500A0F0AA /* Resources */,
				0ABCB7B236812CFE2CC269C0 /* [CP] Embed Pods Frameworks */,
			);
			buildRules = (
			);
			dependencies = (
			);
			name = Web_Socket_Currents;
			productName = Web_Socket_Currents;
			productReference = 5AC496F523FBA4B500A0F0AA /* Web_Socket_Currents.app */;
			productType = "com.apple.product-type.application";
		};
/* End PBXNativeTarget section */

/* Begin PBXProject section */
		5AC496ED23FBA4B500A0F0AA /* Project object */ = {
			isa = PBXProject;
			attributes = {
				LastSwiftUpdateCheck = 1020;
				LastUpgradeCheck = 1020;
				ORGANIZATIONNAME = "Вадим Пустовойтов";
				TargetAttributes = {
					5AC496F423FBA4B500A0F0AA = {
						CreatedOnToolsVersion = 10.2.1;
					};
				};
			};
			buildConfigurationList = 5AC496F023FBA4B500A0F0AA /* Build configuration list for PBXProject "Web_Socket_Currents" */;
			compatibilityVersion = "Xcode 9.3";
			developmentRegion = en;
			hasScannedForEncodings = 0;
			knownRegions = (
				en,
				Base,
			);
			mainGroup = 5AC496EC23FBA4B500A0F0AA;
			productRefGroup = 5AC496F623FBA4B500A0F0AA /* Products */;
			projectDirPath = "";
			projectRoot = "";
			targets = (
				5AC496F423FBA4B500A0F0AA /* Web_Socket_Currents */,
			);
		};
/* End PBXProject section */

/* Begin PBXResourcesBuildPhase section */
		5AC496F323FBA4B500A0F0AA /* Resources */ = {
			isa = PBXResourcesBuildPhase;
			buildActionMask = 2147483647;
			files = (
				5AC4970623FBA4BA00A0F0AA /* LaunchScreen.storyboard in Resources */,
				5AC4970323FBA4B900A0F0AA /* Assets.xcassets in Resources */,
				5AC496FE23FBA4B500A0F0AA /* Main.storyboard in Resources */,
			);
			runOnlyForDeploymentPostprocessing = 0;
		};
/* End PBXResourcesBuildPhase section */

/* Begin PBXShellScriptBuildPhase section */
		0ABCB7B236812CFE2CC269C0 /* [CP] Embed Pods Frameworks */ = {
			isa = PBXShellScriptBuildPhase;
			buildActionMask = 2147483647;
			files = (
			);
			inputFileListPaths = (
				"${PODS_ROOT}/Target Support Files/Pods-Web_Socket_Currents/Pods-Web_Socket_Currents-frameworks-${CONFIGURATION}-input-files.xcfilelist",
			);
			name = "[CP] Embed Pods Frameworks";
			outputFileListPaths = (
				"${PODS_ROOT}/Target Support Files/Pods-Web_Socket_Currents/Pods-Web_Socket_Currents-frameworks-${CONFIGURATION}-output-files.xcfilelist",
			);
			runOnlyForDeploymentPostprocessing = 0;
			shellPath = /bin/sh;
			shellScript = "\"${PODS_ROOT}/Target Support Files/Pods-Web_Socket_Currents/Pods-Web_Socket_Currents-frameworks.sh\"\n";
			showEnvVarsInLog = 0;
		};
		582EA01E4A875691EFC9F9FC /* [CP] Check Pods Manifest.lock */ = {
			isa = PBXShellScriptBuildPhase;
			buildActionMask = 2147483647;
			files = (
			);
			inputFileListPaths = (
			);
			inputPaths = (
				"${PODS_PODFILE_DIR_PATH}/Podfile.lock",
				"${PODS_ROOT}/Manifest.lock",
			);
			name = "[CP] Check Pods Manifest.lock";
			outputFileListPaths = (
			);
			outputPaths = (
				"$(DERIVED_FILE_DIR)/Pods-Web_Socket_Currents-checkManifestLockResult.txt",
			);
			runOnlyForDeploymentPostprocessing = 0;
			shellPath = /bin/sh;
			shellScript = "diff \"${PODS_PODFILE_DIR_PATH}/Podfile.lock\" \"${PODS_ROOT}/Manifest.lock\" > /dev/null\nif [ $? != 0 ] ; then\n    # print error to STDERR\n    echo \"error: The sandbox is not in sync with the Podfile.lock. Run 'pod install' or update your CocoaPods installation.\" >&2\n    exit 1\nfi\n# This output is used by Xcode 'outputs' to avoid re-running this script phase.\necho \"SUCCESS\" > \"${SCRIPT_OUTPUT_FILE_0}\"\n";
			showEnvVarsInLog = 0;
		};
/* End PBXShellScriptBuildPhase section */

/* Begin PBXSourcesBuildPhase section */
		5AC496F123FBA4B500A0F0AA /* Sources */ = {
			isa = PBXSourcesBuildPhase;
			buildActionMask = 2147483647;
			files = (
				5AC4972023FFF57A00A0F0AA /* CurrentsStruct.swift in Sources */,
				5AC4971823FE42F300A0F0AA /* TableViewController.swift in Sources */,
				5AC496FB23FBA4B500A0F0AA /* ViewController.swift in Sources */,
				5AC4970123FBA4B500A0F0AA /* Web_Socket_Currents.xcdatamodeld in Sources */,
				5AC4971423FBEE6D00A0F0AA /* CoreDataManager.swift in Sources */,
				5AC4971E23FFE32600A0F0AA /* NetworkService.swift in Sources */,
				5AC496F923FBA4B500A0F0AA /* AppDelegate.swift in Sources */,
				5AC4972423FFF73500A0F0AA /* JsonRequest.swift in Sources */,
			);
			runOnlyForDeploymentPostprocessing = 0;
		};
/* End PBXSourcesBuildPhase section */

/* Begin PBXVariantGroup section */
		5AC496FC23FBA4B500A0F0AA /* Main.storyboard */ = {
			isa = PBXVariantGroup;
			children = (
				5AC496FD23FBA4B500A0F0AA /* Base */,
			);
			name = Main.storyboard;
			sourceTree = "<group>";
		};
		5AC4970423FBA4BA00A0F0AA /* LaunchScreen.storyboard */ = {
			isa = PBXVariantGroup;
			children = (
				5AC4970523FBA4BA00A0F0AA /* Base */,
			);
			name = LaunchScreen.storyboard;
			sourceTree = "<group>";
		};
/* End PBXVariantGroup section */

/* Begin XCBuildConfiguration section */
		5AC4970823FBA4BA00A0F0AA /* Debug */ = {
			isa = XCBuildConfiguration;
			buildSettings = {
				ALWAYS_SEARCH_USER_PATHS = NO;
				CLANG_ANALYZER_NONNULL = YES;
				CLANG_ANALYZER_NUMBER_OBJECT_CONVERSION = YES_AGGRESSIVE;
				CLANG_CXX_LANGUAGE_STANDARD = "gnu++14";
				CLANG_CXX_LIBRARY = "libc++";
				CLANG_ENABLE_MODULES = YES;
				CLANG_ENABLE_OBJC_ARC = YES;
				CLANG_ENABLE_OBJC_WEAK = YES;
				CLANG_WARN_BLOCK_CAPTURE_AUTORELEASING = YES;
				CLANG_WARN_BOOL_CONVERSION = YES;
				CLANG_WARN_COMMA = YES;
				CLANG_WARN_CONSTANT_CONVERSION = YES;
				CLANG_WARN_DEPRECATED_OBJC_IMPLEMENTATIONS = YES;
				CLANG_WARN_DIRECT_OBJC_ISA_USAGE = YES_ERROR;
				CLANG_WARN_DOCUMENTATION_COMMENTS = YES;
				CLANG_WARN_EMPTY_BODY = YES;
				CLANG_WARN_ENUM_CONVERSION = YES;
				CLANG_WARN_INFINITE_RECURSION = YES;
				CLANG_WARN_INT_CONVERSION = YES;
				CLANG_WARN_NON_LITERAL_NULL_CONVERSION = YES;
				CLANG_WARN_OBJC_IMPLICIT_RETAIN_SELF = YES;
				CLANG_WARN_OBJC_LITERAL_CONVERSION = YES;
				CLANG_WARN_OBJC_ROOT_CLASS = YES_ERROR;
				CLANG_WARN_RANGE_LOOP_ANALYSIS = YES;
				CLANG_WARN_STRICT_PROTOTYPES = YES;
				CLANG_WARN_SUSPICIOUS_MOVE = YES;
				CLANG_WARN_UNGUARDED_AVAILABILITY = YES_AGGRESSIVE;
				CLANG_WARN_UNREACHABLE_CODE = YES;
				CLANG_WARN__DUPLICATE_METHOD_MATCH = YES;
				CODE_SIGN_IDENTITY = "iPhone Developer";
				COPY_PHASE_STRIP = NO;
				DEBUG_INFORMATION_FORMAT = dwarf;
				ENABLE_STRICT_OBJC_MSGSEND = YES;
				ENABLE_TESTABILITY = YES;
				GCC_C_LANGUAGE_STANDARD = gnu11;
				GCC_DYNAMIC_NO_PIC = NO;
				GCC_NO_COMMON_BLOCKS = YES;
				GCC_OPTIMIZATION_LEVEL = 0;
				GCC_PREPROCESSOR_DEFINITIONS = (
					"DEBUG=1",
					"$(inherited)",
				);
				GCC_WARN_64_TO_32_BIT_CONVERSION = YES;
				GCC_WARN_ABOUT_RETURN_TYPE = YES_ERROR;
				GCC_WARN_UNDECLARED_SELECTOR = YES;
				GCC_WARN_UNINITIALIZED_AUTOS = YES_AGGRESSIVE;
				GCC_WARN_UNUSED_FUNCTION = YES;
				GCC_WARN_UNUSED_VARIABLE = YES;
				IPHONEOS_DEPLOYMENT_TARGET = 12.2;
				MTL_ENABLE_DEBUG_INFO = INCLUDE_SOURCE;
				MTL_FAST_MATH = YES;
				ONLY_ACTIVE_ARCH = YES;
				SDKROOT = iphoneos;
				SWIFT_ACTIVE_COMPILATION_CONDITIONS = DEBUG;
				SWIFT_OPTIMIZATION_LEVEL = "-Onone";
			};
			name = Debug;
		};
		5AC4970923FBA4BA00A0F0AA /* Release */ = {
			isa = XCBuildConfiguration;
			buildSettings = {
				ALWAYS_SEARCH_USER_PATHS = NO;
				CLANG_ANALYZER_NONNULL = YES;
				CLANG_ANALYZER_NUMBER_OBJECT_CONVERSION = YES_AGGRESSIVE;
				CLANG_CXX_LANGUAGE_STANDARD = "gnu++14";
				CLANG_CXX_LIBRARY = "libc++";
				CLANG_ENABLE_MODULES = YES;
				CLANG_ENABLE_OBJC_ARC = YES;
				CLANG_ENABLE_OBJC_WEAK = YES;
				CLANG_WARN_BLOCK_CAPTURE_AUTORELEASING = YES;
				CLANG_WARN_BOOL_CONVERSION = YES;
				CLANG_WARN_COMMA = YES;
				CLANG_WARN_CONSTANT_CONVERSION = YES;
				CLANG_WARN_DEPRECATED_OBJC_IMPLEMENTATIONS = YES;
				CLANG_WARN_DIRECT_OBJC_ISA_USAGE = YES_ERROR;
				CLANG_WARN_DOCUMENTATION_COMMENTS = YES;
				CLANG_WARN_EMPTY_BODY = YES;
				CLANG_WARN_ENUM_CONVERSION = YES;
				CLANG_WARN_INFINITE_RECURSION = YES;
				CLANG_WARN_INT_CONVERSION = YES;
				CLANG_WARN_NON_LITERAL_NULL_CONVERSION = YES;
				CLANG_WARN_OBJC_IMPLICIT_RETAIN_SELF = YES;
				CLANG_WARN_OBJC_LITERAL_CONVERSION = YES;
				CLANG_WARN_OBJC_ROOT_CLASS = YES_ERROR;
				CLANG_WARN_RANGE_LOOP_ANALYSIS = YES;
				CLANG_WARN_STRICT_PROTOTYPES = YES;
				CLANG_WARN_SUSPICIOUS_MOVE = YES;
				CLANG_WARN_UNGUARDED_AVAILABILITY = YES_AGGRESSIVE;
				CLANG_WARN_UNREACHABLE_CODE = YES;
				CLANG_WARN__DUPLICATE_METHOD_MATCH = YES;
				CODE_SIGN_IDENTITY = "iPhone Developer";
				COPY_PHASE_STRIP = NO;
				DEBUG_INFORMATION_FORMAT = "dwarf-with-dsym";
				ENABLE_NS_ASSERTIONS = NO;
				ENABLE_STRICT_OBJC_MSGSEND = YES;
				GCC_C_LANGUAGE_STANDARD = gnu11;
				GCC_NO_COMMON_BLOCKS = YES;
				GCC_WARN_64_TO_32_BIT_CONVERSION = YES;
				GCC_WARN_ABOUT_RETURN_TYPE = YES_ERROR;
				GCC_WARN_UNDECLARED_SELECTOR = YES;
				GCC_WARN_UNINITIALIZED_AUTOS = YES_AGGRESSIVE;
				GCC_WARN_UNUSED_FUNCTION = YES;
				GCC_WARN_UNUSED_VARIABLE = YES;
				IPHONEOS_DEPLOYMENT_TARGET = 12.2;
				MTL_ENABLE_DEBUG_INFO = NO;
				MTL_FAST_MATH = YES;
				SDKROOT = iphoneos;
				SWIFT_COMPILATION_MODE = wholemodule;
				SWIFT_OPTIMIZATION_LEVEL = "-O";
				VALIDATE_PRODUCT = YES;
			};
			name = Release;
		};
		5AC4970B23FBA4BA00A0F0AA /* Debug */ = {
			isa = XCBuildConfiguration;
			baseConfigurationReference = 4509FE1C2F65F228527C838C /* Pods-Web_Socket_Currents.debug.xcconfig */;
			buildSettings = {
				ASSETCATALOG_COMPILER_APPICON_NAME = AppIcon;
				CODE_SIGN_STYLE = Automatic;
				DEVELOPMENT_TEAM = Z8HPQWD7MN;
				INFOPLIST_FILE = Web_Socket_Currents/Info.plist;
				LD_RUNPATH_SEARCH_PATHS = (
					"$(inherited)",
					"@executable_path/Frameworks",
				);
				PRODUCT_BUNDLE_IDENTIFIER = "Vadim.Web-Socket-Currents";
				PRODUCT_NAME = "$(TARGET_NAME)";
				SWIFT_VERSION = 4.2;
				TARGETED_DEVICE_FAMILY = "1,2";
			};
			name = Debug;
		};
		5AC4970C23FBA4BA00A0F0AA /* Release */ = {
			isa = XCBuildConfiguration;
			baseConfigurationReference = AD7339995DBA1394A84140B5 /* Pods-Web_Socket_Currents.release.xcconfig */;
			buildSettings = {
				ASSETCATALOG_COMPILER_APPICON_NAME = AppIcon;
				CODE_SIGN_STYLE = Automatic;
				DEVELOPMENT_TEAM = Z8HPQWD7MN;
				INFOPLIST_FILE = Web_Socket_Currents/Info.plist;
				LD_RUNPATH_SEARCH_PATHS = (
					"$(inherited)",
					"@executable_path/Frameworks",
				);
				PRODUCT_BUNDLE_IDENTIFIER = "Vadim.Web-Socket-Currents";
				PRODUCT_NAME = "$(TARGET_NAME)";
				SWIFT_VERSION = 4.2;
				TARGETED_DEVICE_FAMILY = "1,2";
			};
			name = Release;
		};
/* End XCBuildConfiguration section */

/* Begin XCConfigurationList section */
		5AC496F023FBA4B500A0F0AA /* Build configuration list for PBXProject "Web_Socket_Currents" */ = {
			isa = XCConfigurationList;
			buildConfigurations = (
				5AC4970823FBA4BA00A0F0AA /* Debug */,
				5AC4970923FBA4BA00A0F0AA /* Release */,
			);
			defaultConfigurationIsVisible = 0;
			defaultConfigurationName = Release;
		};
		5AC4970A23FBA4BA00A0F0AA /* Build configuration list for PBXNativeTarget "Web_Socket_Currents" */ = {
			isa = XCConfigurationList;
			buildConfigurations = (
				5AC4970B23FBA4BA00A0F0AA /* Debug */,
				5AC4970C23FBA4BA00A0F0AA /* Release */,
			);
			defaultConfigurationIsVisible = 0;
			defaultConfigurationName = Release;
		};
/* End XCConfigurationList section */

/* Begin XCVersionGroup section */
		5AC496FF23FBA4B500A0F0AA /* Web_Socket_Currents.xcdatamodeld */ = {
			isa = XCVersionGroup;
			children = (
				5AC4970023FBA4B500A0F0AA /* Web_Socket_Currents.xcdatamodel */,
			);
			currentVersion = 5AC4970023FBA4B500A0F0AA /* Web_Socket_Currents.xcdatamodel */;
			path = Web_Socket_Currents.xcdatamodeld;
			sourceTree = "<group>";
			versionGroupType = wrapper.xcdatamodel;
		};
/* End XCVersionGroup section */
	};
	rootObject = 5AC496ED23FBA4B500A0F0AA /* Project object */;
}
